
Microsoft Visual Studio Solution File, Format Version 12.00
# Visual Studio 15
VisualStudioVersion = 15.0.27004.2002
MinimumVisualStudioVersion = 10.0.40219.1
Project("{9A19103F-16F7-4668-BE54-9A1E7A4F7556}") = "Investments", "Investments\Investments.csproj", "{541884E7-0655-4DC0-A138-E75D834AA0AD}"
EndProject
Project("{FAE04EC0-301F-11D3-BF4B-00C04F79EFBC}") = "BionicLibrary", "BionicLibrary\BionicLibrary.csproj", "{CF1294E1-3D2C-4F86-BD8A-7E65B34CA930}"
EndProject
Project("{FAE04EC0-301F-11D3-BF4B-00C04F79EFBC}") = "Simplex", "Simplex\Simplex.csproj", "{9B536995-C03C-42C2-9229-027E6871FBE3}"
EndProject
Global
	GlobalSection(SolutionConfigurationPlatforms) = preSolution
		Debug|Any CPU = Debug|Any CPU
		Release|Any CPU = Release|Any CPU
	EndGlobalSection
	GlobalSection(ProjectConfigurationPlatforms) = postSolution
		{541884E7-0655-4DC0-A138-E75D834AA0AD}.Debug|Any CPU.ActiveCfg = Debug|Any CPU
		{541884E7-0655-4DC0-A138-E75D834AA0AD}.Debug|Any CPU.Build.0 = Debug|Any CPU
		{541884E7-0655-4DC0-A138-E75D834AA0AD}.Release|Any CPU.ActiveCfg = Release|Any CPU
		{541884E7-0655-4DC0-A138-E75D834AA0AD}.Release|Any CPU.Build.0 = Release|Any CPU
		{CF1294E1-3D2C-4F86-BD8A-7E65B34CA930}.Debug|Any CPU.ActiveCfg = Debug|Any CPU
		{CF1294E1-3D2C-4F86-BD8A-7E65B34CA930}.Debug|Any CPU.Build.0 = Debug|Any CPU
		{CF1294E1-3D2C-4F86-BD8A-7E65B34CA930}.Release|Any CPU.ActiveCfg = Release|Any CPU
		{CF1294E1-3D2C-4F86-BD8A-7E65B34CA930}.Release|Any CPU.Build.0 = Release|Any CPU
		{9B536995-C03C-42C2-9229-027E6871FBE3}.Debug|Any CPU.ActiveCfg = Debug|Any CPU
		{9B536995-C03C-42C2-9229-027E6871FBE3}.Debug|Any CPU.Build.0 = Debug|Any CPU
		{9B536995-C03C-42C2-9229-027E6871FBE3}.Release|Any CPU.ActiveCfg = Release|Any CPU
		{9B536995-C03C-42C2-9229-027E6871FBE3}.Release|Any CPU.Build.0 = Release|Any CPU
	EndGlobalSection
	GlobalSection(SolutionProperties) = preSolution
		HideSolutionNode = FALSE
	EndGlobalSection
	GlobalSection(ExtensibilityGlobals) = postSolution
		SolutionGuid = {6739EC8C-374B-4C7E-ABE2-88835D29B349}
	EndGlobalSection
EndGlobal
